
Microsoft Visual Studio Solution File, Format Version 12.00
# Visual Studio Version 17
VisualStudioVersion = 17.0.31903.59
MinimumVisualStudioVersion = 10.0.40219.1
Project("{FAE04EC0-301F-11D3-BF4B-00C04F79EFBC}") = "PhotoLibraryBackend", "PhotoLibraryBackend\PhotoLibraryBackend.csproj", "{B6CA77BB-E6CA-4B69-BE10-DF459E4DFFD4}"
EndProject
Project("{FAE04EC0-301F-11D3-BF4B-00C04F79EFBC}") = "PhotoLibraryBackend.Common", "PhotoLibraryBackend.Common\PhotoLibraryBackend.Common.csproj", "{E3069787-D4A7-4A44-A432-EF1D18B011CE}"
EndProject
Project("{FAE04EC0-301F-11D3-BF4B-00C04F79EFBC}") = "PhotoLibraryBackend.MediaReader", "PhotoLibraryBackend.MediaReader\PhotoLibraryBackend.MediaReader.csproj", "{4C0F830E-BAD4-4345-A391-AEF253683084}"
EndProject
Project("{FAE04EC0-301F-11D3-BF4B-00C04F79EFBC}") = "PhotoLibraryBackend.Data", "PhotoLibraryBackend.Data\PhotoLibraryBackend.Data.csproj", "{096AD15C-2572-4756-AEF8-DA2B2957E35F}"
EndProject
Project("{FAE04EC0-301F-11D3-BF4B-00C04F79EFBC}") = "PhotoLibraryBackend.Tests", "PhotoLibraryBackend.Tests\PhotoLibraryBackend.Tests.csproj", "{E32E1FF7-6458-43FC-A49C-24A1D6EDFAA8}"
EndProject
Project("{FAE04EC0-301F-11D3-BF4B-00C04F79EFBC}") = "PhotoLibrary.Ml.LabelPredictor", "PhotoLibrary.Ml.LabelPredictor\PhotoLibrary.Ml.LabelPredictor.csproj", "{0B7C5959-B552-42A1-A8EE-28C6BC20D3E5}"
EndProject
Global
	GlobalSection(SolutionConfigurationPlatforms) = preSolution
		Debug|Any CPU = Debug|Any CPU
		Release|Any CPU = Release|Any CPU
	EndGlobalSection
	GlobalSection(SolutionProperties) = preSolution
		HideSolutionNode = FALSE
	EndGlobalSection
	GlobalSection(ProjectConfigurationPlatforms) = postSolution
		{B6CA77BB-E6CA-4B69-BE10-DF459E4DFFD4}.Debug|Any CPU.ActiveCfg = Debug|Any CPU
		{B6CA77BB-E6CA-4B69-BE10-DF459E4DFFD4}.Debug|Any CPU.Build.0 = Debug|Any CPU
		{B6CA77BB-E6CA-4B69-BE10-DF459E4DFFD4}.Release|Any CPU.ActiveCfg = Release|Any CPU
		{B6CA77BB-E6CA-4B69-BE10-DF459E4DFFD4}.Release|Any CPU.Build.0 = Release|Any CPU
		{E3069787-D4A7-4A44-A432-EF1D18B011CE}.Debug|Any CPU.ActiveCfg = Debug|Any CPU
		{E3069787-D4A7-4A44-A432-EF1D18B011CE}.Debug|Any CPU.Build.0 = Debug|Any CPU
		{E3069787-D4A7-4A44-A432-EF1D18B011CE}.Release|Any CPU.ActiveCfg = Release|Any CPU
		{E3069787-D4A7-4A44-A432-EF1D18B011CE}.Release|Any CPU.Build.0 = Release|Any CPU
		{4C0F830E-BAD4-4345-A391-AEF253683084}.Debug|Any CPU.ActiveCfg = Debug|Any CPU
		{4C0F830E-BAD4-4345-A391-AEF253683084}.Debug|Any CPU.Build.0 = Debug|Any CPU
		{4C0F830E-BAD4-4345-A391-AEF253683084}.Release|Any CPU.ActiveCfg = Release|Any CPU
		{4C0F830E-BAD4-4345-A391-AEF253683084}.Release|Any CPU.Build.0 = Release|Any CPU
		{096AD15C-2572-4756-AEF8-DA2B2957E35F}.Debug|Any CPU.ActiveCfg = Debug|Any CPU
		{096AD15C-2572-4756-AEF8-DA2B2957E35F}.Debug|Any CPU.Build.0 = Debug|Any CPU
		{096AD15C-2572-4756-AEF8-DA2B2957E35F}.Release|Any CPU.ActiveCfg = Release|Any CPU
		{096AD15C-2572-4756-AEF8-DA2B2957E35F}.Release|Any CPU.Build.0 = Release|Any CPU
		{E32E1FF7-6458-43FC-A49C-24A1D6EDFAA8}.Debug|Any CPU.ActiveCfg = Debug|Any CPU
		{E32E1FF7-6458-43FC-A49C-24A1D6EDFAA8}.Debug|Any CPU.Build.0 = Debug|Any CPU
		{E32E1FF7-6458-43FC-A49C-24A1D6EDFAA8}.Release|Any CPU.ActiveCfg = Release|Any CPU
		{E32E1FF7-6458-43FC-A49C-24A1D6EDFAA8}.Release|Any CPU.Build.0 = Release|Any CPU
		{0B7C5959-B552-42A1-A8EE-28C6BC20D3E5}.Debug|Any CPU.ActiveCfg = Debug|Any CPU
		{0B7C5959-B552-42A1-A8EE-28C6BC20D3E5}.Debug|Any CPU.Build.0 = Debug|Any CPU
		{0B7C5959-B552-42A1-A8EE-28C6BC20D3E5}.Release|Any CPU.ActiveCfg = Release|Any CPU
		{0B7C5959-B552-42A1-A8EE-28C6BC20D3E5}.Release|Any CPU.Build.0 = Release|Any CPU
	EndGlobalSection
EndGlobal
